
Microsoft Visual Studio Solution File, Format Version 12.00
# Visual Studio Version 16
Project("{FAE04EC0-301F-11D3-BF4B-00C04F79EFBC}") = "M_Kopa.Messages", "src\M_Kopa.Messages\M_Kopa.Messages.csproj", "{20071034-F13F-4610-AD2C-10EE460944A9}"
EndProject
Project("{FAE04EC0-301F-11D3-BF4B-00C04F79EFBC}") = "M_Kopa.Sms.Messages", "src\M_Kopa.Sms.Messages\M_Kopa.Sms.Messages.csproj", "{DCF562EE-A249-4386-AA7C-BFE59797B778}"
EndProject
Project("{FAE04EC0-301F-11D3-BF4B-00C04F79EFBC}") = "M_Kopa.Sms.App", "src\M_Kopa.Sms.App\M_Kopa.Sms.App.csproj", "{5F3FDE33-6201-4656-A645-B4211F31FFBB}"
EndProject
Project("{FAE04EC0-301F-11D3-BF4B-00C04F79EFBC}") = "M_Kopa.Sms.App.Tests", "test\M_Kopa.Sms.App.Tests\M_Kopa.Sms.App.Tests.csproj", "{25C67D0F-9A50-4319-BDE6-7900C0EFD2DB}"
EndProject
Global
	GlobalSection(SolutionConfigurationPlatforms) = preSolution
		Debug|Any CPU = Debug|Any CPU
		Release|Any CPU = Release|Any CPU
	EndGlobalSection
	GlobalSection(ProjectConfigurationPlatforms) = postSolution
		{20071034-F13F-4610-AD2C-10EE460944A9}.Debug|Any CPU.ActiveCfg = Debug|Any CPU
		{20071034-F13F-4610-AD2C-10EE460944A9}.Debug|Any CPU.Build.0 = Debug|Any CPU
		{20071034-F13F-4610-AD2C-10EE460944A9}.Release|Any CPU.ActiveCfg = Release|Any CPU
		{20071034-F13F-4610-AD2C-10EE460944A9}.Release|Any CPU.Build.0 = Release|Any CPU
		{DCF562EE-A249-4386-AA7C-BFE59797B778}.Debug|Any CPU.ActiveCfg = Debug|Any CPU
		{DCF562EE-A249-4386-AA7C-BFE59797B778}.Debug|Any CPU.Build.0 = Debug|Any CPU
		{DCF562EE-A249-4386-AA7C-BFE59797B778}.Release|Any CPU.ActiveCfg = Release|Any CPU
		{DCF562EE-A249-4386-AA7C-BFE59797B778}.Release|Any CPU.Build.0 = Release|Any CPU
		{5F3FDE33-6201-4656-A645-B4211F31FFBB}.Debug|Any CPU.ActiveCfg = Debug|Any CPU
		{5F3FDE33-6201-4656-A645-B4211F31FFBB}.Debug|Any CPU.Build.0 = Debug|Any CPU
		{5F3FDE33-6201-4656-A645-B4211F31FFBB}.Release|Any CPU.ActiveCfg = Release|Any CPU
		{5F3FDE33-6201-4656-A645-B4211F31FFBB}.Release|Any CPU.Build.0 = Release|Any CPU
		{25C67D0F-9A50-4319-BDE6-7900C0EFD2DB}.Debug|Any CPU.ActiveCfg = Debug|Any CPU
		{25C67D0F-9A50-4319-BDE6-7900C0EFD2DB}.Debug|Any CPU.Build.0 = Debug|Any CPU
		{25C67D0F-9A50-4319-BDE6-7900C0EFD2DB}.Release|Any CPU.ActiveCfg = Release|Any CPU
		{25C67D0F-9A50-4319-BDE6-7900C0EFD2DB}.Release|Any CPU.Build.0 = Release|Any CPU
	EndGlobalSection
EndGlobal
